// !$*UTF8*$!
{
	archiveVersion = 1;
	classes = {
	};
	objectVersion = 46;
	objects = {

/* Begin PBXBuildFile section */
		FAFE43801C524CEC00FF46E8 /* GameObject.swift in Sources */ = {isa = PBXBuildFile; fileRef = FAFE43571C524CEC00FF46E8 /* GameObject.swift */; };
		FAFE43811C524CEC00FF46E8 /* PhysicsState.swift in Sources */ = {isa = PBXBuildFile; fileRef = FAFE43591C524CEC00FF46E8 /* PhysicsState.swift */; };
		FAFE43821C524CEC00FF46E8 /* Scene.swift in Sources */ = {isa = PBXBuildFile; fileRef = FAFE435A1C524CEC00FF46E8 /* Scene.swift */; };
		FAFE43831C524CEC00FF46E8 /* Transform.swift in Sources */ = {isa = PBXBuildFile; fileRef = FAFE435B1C524CEC00FF46E8 /* Transform.swift */; };
		FAFE43841C524CEC00FF46E8 /* Button.swift in Sources */ = {isa = PBXBuildFile; fileRef = FAFE435D1C524CEC00FF46E8 /* Button.swift */; };
		FAFE43851C524CEC00FF46E8 /* Geometry.swift in Sources */ = {isa = PBXBuildFile; fileRef = FAFE435E1C524CEC00FF46E8 /* Geometry.swift */; };
		FAFE43861C524CEC00FF46E8 /* GraphicsContext.swift in Sources */ = {isa = PBXBuildFile; fileRef = FAFE435F1C524CEC00FF46E8 /* GraphicsContext.swift */; };
		FAFE43871C524CEC00FF46E8 /* MainContentWidget.swift in Sources */ = {isa = PBXBuildFile; fileRef = FAFE43601C524CEC00FF46E8 /* MainContentWidget.swift */; };
		FAFE43881C524CEC00FF46E8 /* OsxGraphicsContext.swift in Sources */ = {isa = PBXBuildFile; fileRef = FAFE43611C524CEC00FF46E8 /* OsxGraphicsContext.swift */; };
		FAFE43891C524CEC00FF46E8 /* Widget.swift in Sources */ = {isa = PBXBuildFile; fileRef = FAFE43621C524CEC00FF46E8 /* Widget.swift */; };
		FAFE438A1C524CEC00FF46E8 /* Window.swift in Sources */ = {isa = PBXBuildFile; fileRef = FAFE43631C524CEC00FF46E8 /* Window.swift */; };
		FAFE438B1C524CEC00FF46E8 /* main.swift in Sources */ = {isa = PBXBuildFile; fileRef = FAFE43651C524CEC00FF46E8 /* main.swift */; };
		FAFE438C1C524CEC00FF46E8 /* defaultShader.metal in Sources */ = {isa = PBXBuildFile; fileRef = FAFE43671C524CEC00FF46E8 /* defaultShader.metal */; };
		FAFE438D1C524CEC00FF46E8 /* GpuGraphicsContext.swift in Sources */ = {isa = PBXBuildFile; fileRef = FAFE43681C524CEC00FF46E8 /* GpuGraphicsContext.swift */; };
		FAFE438E1C524CEC00FF46E8 /* MeshRenderer.swift in Sources */ = {isa = PBXBuildFile; fileRef = FAFE43691C524CEC00FF46E8 /* MeshRenderer.swift */; };
		FAFE438F1C524CEC00FF46E8 /* MetalContext.swift in Sources */ = {isa = PBXBuildFile; fileRef = FAFE436A1C524CEC00FF46E8 /* MetalContext.swift */; };
		FAFE43901C524CEC00FF46E8 /* MetalRenderer.swift in Sources */ = {isa = PBXBuildFile; fileRef = FAFE436B1C524CEC00FF46E8 /* MetalRenderer.swift */; };
		FAFE43911C524CEC00FF46E8 /* Artithmetic.swift in Sources */ = {isa = PBXBuildFile; fileRef = FAFE436D1C524CEC00FF46E8 /* Artithmetic.swift */; };
		FAFE43921C524CEC00FF46E8 /* Audio.swift in Sources */ = {isa = PBXBuildFile; fileRef = FAFE436E1C524CEC00FF46E8 /* Audio.swift */; };
		FAFE43931C524CEC00FF46E8 /* AudioBuffer.swift in Sources */ = {isa = PBXBuildFile; fileRef = FAFE436F1C524CEC00FF46E8 /* AudioBuffer.swift */; };
		FAFE43941C524CEC00FF46E8 /* Envelope.swift in Sources */ = {isa = PBXBuildFile; fileRef = FAFE43701C524CEC00FF46E8 /* Envelope.swift */; };
		FAFE43951C524CEC00FF46E8 /* Filter.swift in Sources */ = {isa = PBXBuildFile; fileRef = FAFE43711C524CEC00FF46E8 /* Filter.swift */; };
		FAFE43961C524CEC00FF46E8 /* Host.swift in Sources */ = {isa = PBXBuildFile; fileRef = FAFE43721C524CEC00FF46E8 /* Host.swift */; };
		FAFE43971C524CEC00FF46E8 /* Instrument.swift in Sources */ = {isa = PBXBuildFile; fileRef = FAFE43731C524CEC00FF46E8 /* Instrument.swift */; };
		FAFE43981C524CEC00FF46E8 /* Integrator.swift in Sources */ = {isa = PBXBuildFile; fileRef = FAFE43741C524CEC00FF46E8 /* Integrator.swift */; };
		FAFE43991C524CEC00FF46E8 /* Midi.swift in Sources */ = {isa = PBXBuildFile; fileRef = FAFE43751C524CEC00FF46E8 /* Midi.swift */; };
		FAFE439A1C524CEC00FF46E8 /* Phasor.swift in Sources */ = {isa = PBXBuildFile; fileRef = FAFE43761C524CEC00FF46E8 /* Phasor.swift */; };
		FAFE439B1C524CEC00FF46E8 /* Signal.swift in Sources */ = {isa = PBXBuildFile; fileRef = FAFE43771C524CEC00FF46E8 /* Signal.swift */; };
		FAFE439C1C524CEC00FF46E8 /* Sine.swift in Sources */ = {isa = PBXBuildFile; fileRef = FAFE43781C524CEC00FF46E8 /* Sine.swift */; };
		FAFE439D1C524CEC00FF46E8 /* Utility.swift in Sources */ = {isa = PBXBuildFile; fileRef = FAFE43791C524CEC00FF46E8 /* Utility.swift */; };
		FAFE439E1C524CEC00FF46E8 /* Value.swift in Sources */ = {isa = PBXBuildFile; fileRef = FAFE437A1C524CEC00FF46E8 /* Value.swift */; };
		FAFE439F1C524CEC00FF46E8 /* WaveTable.swift in Sources */ = {isa = PBXBuildFile; fileRef = FAFE437B1C524CEC00FF46E8 /* WaveTable.swift */; };
		FAFE43A01C524CEC00FF46E8 /* AppDelegate.swift in Sources */ = {isa = PBXBuildFile; fileRef = FAFE437D1C524CEC00FF46E8 /* AppDelegate.swift */; };
		FAFE43A11C524CEC00FF46E8 /* Application.swift in Sources */ = {isa = PBXBuildFile; fileRef = FAFE437E1C524CEC00FF46E8 /* Application.swift */; };
		FAFE43A21C524CEC00FF46E8 /* MainContentView.swift in Sources */ = {isa = PBXBuildFile; fileRef = FAFE437F1C524CEC00FF46E8 /* MainContentView.swift */; };
/* End PBXBuildFile section */

/* Begin PBXCopyFilesBuildPhase section */
		FA1911EE1C3E979700E511D4 /* CopyFiles */ = {
			isa = PBXCopyFilesBuildPhase;
			buildActionMask = 2147483647;
			dstPath = /usr/share/man/man1/;
			dstSubfolderSpec = 0;
			files = (
			);
			runOnlyForDeploymentPostprocessing = 1;
		};
/* End PBXCopyFilesBuildPhase section */

/* Begin PBXFileReference section */
		FA1911F01C3E979700E511D4 /* SwiftAudio */ = {isa = PBXFileReference; explicitFileType = "compiled.mach-o.executable"; includeInIndex = 0; path = SwiftAudio; sourceTree = BUILT_PRODUCTS_DIR; };
		FAFE43571C524CEC00FF46E8 /* GameObject.swift */ = {isa = PBXFileReference; fileEncoding = 4; lastKnownFileType = sourcecode.swift; path = GameObject.swift; sourceTree = "<group>"; };
		FAFE43591C524CEC00FF46E8 /* PhysicsState.swift */ = {isa = PBXFileReference; fileEncoding = 4; lastKnownFileType = sourcecode.swift; path = PhysicsState.swift; sourceTree = "<group>"; };
		FAFE435A1C524CEC00FF46E8 /* Scene.swift */ = {isa = PBXFileReference; fileEncoding = 4; lastKnownFileType = sourcecode.swift; path = Scene.swift; sourceTree = "<group>"; };
		FAFE435B1C524CEC00FF46E8 /* Transform.swift */ = {isa = PBXFileReference; fileEncoding = 4; lastKnownFileType = sourcecode.swift; path = Transform.swift; sourceTree = "<group>"; };
		FAFE435D1C524CEC00FF46E8 /* Button.swift */ = {isa = PBXFileReference; fileEncoding = 4; lastKnownFileType = sourcecode.swift; path = Button.swift; sourceTree = "<group>"; };
		FAFE435E1C524CEC00FF46E8 /* Geometry.swift */ = {isa = PBXFileReference; fileEncoding = 4; lastKnownFileType = sourcecode.swift; path = Geometry.swift; sourceTree = "<group>"; };
		FAFE435F1C524CEC00FF46E8 /* GraphicsContext.swift */ = {isa = PBXFileReference; fileEncoding = 4; lastKnownFileType = sourcecode.swift; path = GraphicsContext.swift; sourceTree = "<group>"; };
		FAFE43601C524CEC00FF46E8 /* MainContentWidget.swift */ = {isa = PBXFileReference; fileEncoding = 4; lastKnownFileType = sourcecode.swift; path = MainContentWidget.swift; sourceTree = "<group>"; };
		FAFE43611C524CEC00FF46E8 /* OsxGraphicsContext.swift */ = {isa = PBXFileReference; fileEncoding = 4; lastKnownFileType = sourcecode.swift; path = OsxGraphicsContext.swift; sourceTree = "<group>"; };
		FAFE43621C524CEC00FF46E8 /* Widget.swift */ = {isa = PBXFileReference; fileEncoding = 4; lastKnownFileType = sourcecode.swift; path = Widget.swift; sourceTree = "<group>"; };
		FAFE43631C524CEC00FF46E8 /* Window.swift */ = {isa = PBXFileReference; fileEncoding = 4; lastKnownFileType = sourcecode.swift; path = Window.swift; sourceTree = "<group>"; };
		FAFE43651C524CEC00FF46E8 /* main.swift */ = {isa = PBXFileReference; fileEncoding = 4; lastKnownFileType = sourcecode.swift; path = main.swift; sourceTree = "<group>"; };
		FAFE43671C524CEC00FF46E8 /* defaultShader.metal */ = {isa = PBXFileReference; fileEncoding = 4; lastKnownFileType = sourcecode.metal; path = defaultShader.metal; sourceTree = "<group>"; };
		FAFE43681C524CEC00FF46E8 /* GpuGraphicsContext.swift */ = {isa = PBXFileReference; fileEncoding = 4; lastKnownFileType = sourcecode.swift; path = GpuGraphicsContext.swift; sourceTree = "<group>"; };
		FAFE43691C524CEC00FF46E8 /* MeshRenderer.swift */ = {isa = PBXFileReference; fileEncoding = 4; lastKnownFileType = sourcecode.swift; path = MeshRenderer.swift; sourceTree = "<group>"; };
		FAFE436A1C524CEC00FF46E8 /* MetalContext.swift */ = {isa = PBXFileReference; fileEncoding = 4; lastKnownFileType = sourcecode.swift; path = MetalContext.swift; sourceTree = "<group>"; };
		FAFE436B1C524CEC00FF46E8 /* MetalRenderer.swift */ = {isa = PBXFileReference; fileEncoding = 4; lastKnownFileType = sourcecode.swift; path = MetalRenderer.swift; sourceTree = "<group>"; };
		FAFE436D1C524CEC00FF46E8 /* Artithmetic.swift */ = {isa = PBXFileReference; fileEncoding = 4; lastKnownFileType = sourcecode.swift; path = Artithmetic.swift; sourceTree = "<group>"; };
		FAFE436E1C524CEC00FF46E8 /* Audio.swift */ = {isa = PBXFileReference; fileEncoding = 4; lastKnownFileType = sourcecode.swift; path = Audio.swift; sourceTree = "<group>"; };
		FAFE436F1C524CEC00FF46E8 /* AudioBuffer.swift */ = {isa = PBXFileReference; fileEncoding = 4; lastKnownFileType = sourcecode.swift; path = AudioBuffer.swift; sourceTree = "<group>"; };
		FAFE43701C524CEC00FF46E8 /* Envelope.swift */ = {isa = PBXFileReference; fileEncoding = 4; lastKnownFileType = sourcecode.swift; path = Envelope.swift; sourceTree = "<group>"; };
		FAFE43711C524CEC00FF46E8 /* Filter.swift */ = {isa = PBXFileReference; fileEncoding = 4; lastKnownFileType = sourcecode.swift; path = Filter.swift; sourceTree = "<group>"; };
		FAFE43721C524CEC00FF46E8 /* Host.swift */ = {isa = PBXFileReference; fileEncoding = 4; lastKnownFileType = sourcecode.swift; path = Host.swift; sourceTree = "<group>"; };
		FAFE43731C524CEC00FF46E8 /* Instrument.swift */ = {isa = PBXFileReference; fileEncoding = 4; lastKnownFileType = sourcecode.swift; path = Instrument.swift; sourceTree = "<group>"; };
		FAFE43741C524CEC00FF46E8 /* Integrator.swift */ = {isa = PBXFileReference; fileEncoding = 4; lastKnownFileType = sourcecode.swift; path = Integrator.swift; sourceTree = "<group>"; };
		FAFE43751C524CEC00FF46E8 /* Midi.swift */ = {isa = PBXFileReference; fileEncoding = 4; lastKnownFileType = sourcecode.swift; path = Midi.swift; sourceTree = "<group>"; };
		FAFE43761C524CEC00FF46E8 /* Phasor.swift */ = {isa = PBXFileReference; fileEncoding = 4; lastKnownFileType = sourcecode.swift; path = Phasor.swift; sourceTree = "<group>"; };
		FAFE43771C524CEC00FF46E8 /* Signal.swift */ = {isa = PBXFileReference; fileEncoding = 4; lastKnownFileType = sourcecode.swift; path = Signal.swift; sourceTree = "<group>"; };
		FAFE43781C524CEC00FF46E8 /* Sine.swift */ = {isa = PBXFileReference; fileEncoding = 4; lastKnownFileType = sourcecode.swift; path = Sine.swift; sourceTree = "<group>"; };
		FAFE43791C524CEC00FF46E8 /* Utility.swift */ = {isa = PBXFileReference; fileEncoding = 4; lastKnownFileType = sourcecode.swift; path = Utility.swift; sourceTree = "<group>"; };
		FAFE437A1C524CEC00FF46E8 /* Value.swift */ = {isa = PBXFileReference; fileEncoding = 4; lastKnownFileType = sourcecode.swift; path = Value.swift; sourceTree = "<group>"; };
		FAFE437B1C524CEC00FF46E8 /* WaveTable.swift */ = {isa = PBXFileReference; fileEncoding = 4; lastKnownFileType = sourcecode.swift; path = WaveTable.swift; sourceTree = "<group>"; };
		FAFE437D1C524CEC00FF46E8 /* AppDelegate.swift */ = {isa = PBXFileReference; fileEncoding = 4; lastKnownFileType = sourcecode.swift; path = AppDelegate.swift; sourceTree = "<group>"; };
		FAFE437E1C524CEC00FF46E8 /* Application.swift */ = {isa = PBXFileReference; fileEncoding = 4; lastKnownFileType = sourcecode.swift; path = Application.swift; sourceTree = "<group>"; };
		FAFE437F1C524CEC00FF46E8 /* MainContentView.swift */ = {isa = PBXFileReference; fileEncoding = 4; lastKnownFileType = sourcecode.swift; path = MainContentView.swift; sourceTree = "<group>"; };
/* End PBXFileReference section */

/* Begin PBXFrameworksBuildPhase section */
		FA1911ED1C3E979700E511D4 /* Frameworks */ = {
			isa = PBXFrameworksBuildPhase;
			buildActionMask = 2147483647;
			files = (
			);
			runOnlyForDeploymentPostprocessing = 0;
		};
/* End PBXFrameworksBuildPhase section */

/* Begin PBXGroup section */
		FA1911E71C3E979700E511D4 = {
			isa = PBXGroup;
			children = (
				FA1911F11C3E979700E511D4 /* Products */,
				FAFE43561C524CEC00FF46E8 /* GameEngine */,
				FAFE435C1C524CEC00FF46E8 /* Gui */,
				FAFE43641C524CEC00FF46E8 /* Main */,
				FAFE43661C524CEC00FF46E8 /* Metal */,
				FAFE436C1C524CEC00FF46E8 /* SwiftAudio */,
				FAFE437C1C524CEC00FF46E8 /* System */,
			);
			sourceTree = "<group>";
		};
		FA1911F11C3E979700E511D4 /* Products */ = {
			isa = PBXGroup;
			children = (
				FA1911F01C3E979700E511D4 /* SwiftAudio */,
			);
			name = Products;
			sourceTree = "<group>";
		};
		FAFE43561C524CEC00FF46E8 /* GameEngine */ = {
			isa = PBXGroup;
			children = (
				FAFE43571C524CEC00FF46E8 /* GameObject.swift */,
				FAFE43581C524CEC00FF46E8 /* Physics */,
				FAFE435B1C524CEC00FF46E8 /* Transform.swift */,
			);
			path = GameEngine;
			sourceTree = "<group>";
		};
		FAFE43581C524CEC00FF46E8 /* Physics */ = {
			isa = PBXGroup;
			children = (
				FAFE43591C524CEC00FF46E8 /* PhysicsState.swift */,
				FAFE435A1C524CEC00FF46E8 /* Scene.swift */,
			);
			path = Physics;
			sourceTree = "<group>";
		};
		FAFE435C1C524CEC00FF46E8 /* Gui */ = {
			isa = PBXGroup;
			children = (
				FAFE435D1C524CEC00FF46E8 /* Button.swift */,
				FAFE435E1C524CEC00FF46E8 /* Geometry.swift */,
				FAFE435F1C524CEC00FF46E8 /* GraphicsContext.swift */,
				FAFE43601C524CEC00FF46E8 /* MainContentWidget.swift */,
				FAFE43611C524CEC00FF46E8 /* OsxGraphicsContext.swift */,
				FAFE43621C524CEC00FF46E8 /* Widget.swift */,
				FAFE43631C524CEC00FF46E8 /* Window.swift */,
			);
			path = Gui;
			sourceTree = "<group>";
		};
		FAFE43641C524CEC00FF46E8 /* Main */ = {
			isa = PBXGroup;
			children = (
				FAFE43651C524CEC00FF46E8 /* main.swift */,
			);
			path = Main;
			sourceTree = "<group>";
		};
		FAFE43661C524CEC00FF46E8 /* Metal */ = {
			isa = PBXGroup;
			children = (
				FAFE43671C524CEC00FF46E8 /* defaultShader.metal */,
				FAFE43681C524CEC00FF46E8 /* GpuGraphicsContext.swift */,
				FAFE43691C524CEC00FF46E8 /* MeshRenderer.swift */,
				FAFE436A1C524CEC00FF46E8 /* MetalContext.swift */,
				FAFE436B1C524CEC00FF46E8 /* MetalRenderer.swift */,
			);
			path = Metal;
			sourceTree = "<group>";
		};
		FAFE436C1C524CEC00FF46E8 /* SwiftAudio */ = {
			isa = PBXGroup;
			children = (
				FAFE436D1C524CEC00FF46E8 /* Artithmetic.swift */,
				FAFE436E1C524CEC00FF46E8 /* Audio.swift */,
				FAFE436F1C524CEC00FF46E8 /* AudioBuffer.swift */,
				FAFE43701C524CEC00FF46E8 /* Envelope.swift */,
				FAFE43711C524CEC00FF46E8 /* Filter.swift */,
				FAFE43721C524CEC00FF46E8 /* Host.swift */,
				FAFE43731C524CEC00FF46E8 /* Instrument.swift */,
				FAFE43741C524CEC00FF46E8 /* Integrator.swift */,
				FAFE43751C524CEC00FF46E8 /* Midi.swift */,
				FAFE43761C524CEC00FF46E8 /* Phasor.swift */,
				FAFE43771C524CEC00FF46E8 /* Signal.swift */,
				FAFE43781C524CEC00FF46E8 /* Sine.swift */,
				FAFE43791C524CEC00FF46E8 /* Utility.swift */,
				FAFE437A1C524CEC00FF46E8 /* Value.swift */,
				FAFE437B1C524CEC00FF46E8 /* WaveTable.swift */,
			);
			path = SwiftAudio;
			sourceTree = "<group>";
		};
		FAFE437C1C524CEC00FF46E8 /* System */ = {
			isa = PBXGroup;
			children = (
				FAFE437D1C524CEC00FF46E8 /* AppDelegate.swift */,
				FAFE437E1C524CEC00FF46E8 /* Application.swift */,
				FAFE437F1C524CEC00FF46E8 /* MainContentView.swift */,
			);
			path = System;
			sourceTree = "<group>";
		};
/* End PBXGroup section */

/* Begin PBXNativeTarget section */
		FA1911EF1C3E979700E511D4 /* SwiftAudio */ = {
			isa = PBXNativeTarget;
			buildConfigurationList = FA1911F71C3E979700E511D4 /* Build configuration list for PBXNativeTarget "SwiftAudio" */;
			buildPhases = (
				FA1911EC1C3E979700E511D4 /* Sources */,
				FA1911ED1C3E979700E511D4 /* Frameworks */,
				FA1911EE1C3E979700E511D4 /* CopyFiles */,
			);
			buildRules = (
			);
			dependencies = (
			);
			name = SwiftAudio;
			productName = SwiftAudio;
			productReference = FA1911F01C3E979700E511D4 /* SwiftAudio */;
			productType = "com.apple.product-type.tool";
		};
/* End PBXNativeTarget section */

/* Begin PBXProject section */
		FA1911E81C3E979700E511D4 /* Project object */ = {
			isa = PBXProject;
			attributes = {
				LastSwiftUpdateCheck = 0720;
				LastUpgradeCheck = 0720;
				ORGANIZATIONNAME = "Danny van Swieten";
				TargetAttributes = {
					FA1911EF1C3E979700E511D4 = {
						CreatedOnToolsVersion = 7.2;
					};
				};
			};
			buildConfigurationList = FA1911EB1C3E979700E511D4 /* Build configuration list for PBXProject "SwiftAudio" */;
			compatibilityVersion = "Xcode 3.2";
			developmentRegion = English;
			hasScannedForEncodings = 0;
			knownRegions = (
				en,
			);
			mainGroup = FA1911E71C3E979700E511D4;
			productRefGroup = FA1911F11C3E979700E511D4 /* Products */;
			projectDirPath = "";
			projectRoot = "";
			targets = (
				FA1911EF1C3E979700E511D4 /* SwiftAudio */,
			);
		};
/* End PBXProject section */

/* Begin PBXSourcesBuildPhase section */
		FA1911EC1C3E979700E511D4 /* Sources */ = {
			isa = PBXSourcesBuildPhase;
			buildActionMask = 2147483647;
			files = (
				FAFE43A01C524CEC00FF46E8 /* AppDelegate.swift in Sources */,
				FAFE43841C524CEC00FF46E8 /* Button.swift in Sources */,
				FAFE43A11C524CEC00FF46E8 /* Application.swift in Sources */,
				FAFE439B1C524CEC00FF46E8 /* Signal.swift in Sources */,
				FAFE43961C524CEC00FF46E8 /* Host.swift in Sources */,
				FAFE438E1C524CEC00FF46E8 /* MeshRenderer.swift in Sources */,
				FAFE43851C524CEC00FF46E8 /* Geometry.swift in Sources */,
				FAFE439F1C524CEC00FF46E8 /* WaveTable.swift in Sources */,
				FAFE439A1C524CEC00FF46E8 /* Phasor.swift in Sources */,
				FAFE43991C524CEC00FF46E8 /* Midi.swift in Sources */,
				FAFE43971C524CEC00FF46E8 /* Instrument.swift in Sources */,
				FAFE438B1C524CEC00FF46E8 /* main.swift in Sources */,
				FAFE43931C524CEC00FF46E8 /* AudioBuffer.swift in Sources */,
				FAFE43801C524CEC00FF46E8 /* GameObject.swift in Sources */,
				FAFE438F1C524CEC00FF46E8 /* MetalContext.swift in Sources */,
				FAFE43881C524CEC00FF46E8 /* OsxGraphicsContext.swift in Sources */,
				FAFE43921C524CEC00FF46E8 /* Audio.swift in Sources */,
				FAFE438D1C524CEC00FF46E8 /* GpuGraphicsContext.swift in Sources */,
				FAFE43911C524CEC00FF46E8 /* Artithmetic.swift in Sources */,
				FAFE438C1C524CEC00FF46E8 /* defaultShader.metal in Sources */,
				FAFE43811C524CEC00FF46E8 /* PhysicsState.swift in Sources */,
				FAFE43951C524CEC00FF46E8 /* Filter.swift in Sources */,
				FAFE43941C524CEC00FF46E8 /* Envelope.swift in Sources */,
				FAFE439D1C524CEC00FF46E8 /* Utility.swift in Sources */,
				FAFE439E1C524CEC00FF46E8 /* Value.swift in Sources */,
				FAFE43861C524CEC00FF46E8 /* GraphicsContext.swift in Sources */,
				FAFE43831C524CEC00FF46E8 /* Transform.swift in Sources */,
				FAFE43891C524CEC00FF46E8 /* Widget.swift in Sources */,
				FAFE43871C524CEC00FF46E8 /* MainContentWidget.swift in Sources */,
				FAFE439C1C524CEC00FF46E8 /* Sine.swift in Sources */,
				FAFE43901C524CEC00FF46E8 /* MetalRenderer.swift in Sources */,
				FAFE43981C524CEC00FF46E8 /* Integrator.swift in Sources */,
				FAFE43821C524CEC00FF46E8 /* Scene.swift in Sources */,
				FAFE438A1C524CEC00FF46E8 /* Window.swift in Sources */,
				FAFE43A21C524CEC00FF46E8 /* MainContentView.swift in Sources */,
			);
			runOnlyForDeploymentPostprocessing = 0;
		};
/* End PBXSourcesBuildPhase section */

/* Begin XCBuildConfiguration section */
		FA1911F51C3E979700E511D4 /* Debug */ = {
			isa = XCBuildConfiguration;
			buildSettings = {
				ALWAYS_SEARCH_USER_PATHS = NO;
				CLANG_CXX_LANGUAGE_STANDARD = "gnu++0x";
				CLANG_CXX_LIBRARY = "libc++";
				CLANG_ENABLE_MODULES = YES;
				CLANG_ENABLE_OBJC_ARC = YES;
				CLANG_WARN_BOOL_CONVERSION = YES;
				CLANG_WARN_CONSTANT_CONVERSION = YES;
				CLANG_WARN_DIRECT_OBJC_ISA_USAGE = YES_ERROR;
				CLANG_WARN_EMPTY_BODY = YES;
				CLANG_WARN_ENUM_CONVERSION = YES;
				CLANG_WARN_INT_CONVERSION = YES;
				CLANG_WARN_OBJC_ROOT_CLASS = YES_ERROR;
				CLANG_WARN_UNREACHABLE_CODE = YES;
				CLANG_WARN__DUPLICATE_METHOD_MATCH = YES;
				CODE_SIGN_IDENTITY = "-";
				COPY_PHASE_STRIP = NO;
				DEBUG_INFORMATION_FORMAT = dwarf;
				ENABLE_STRICT_OBJC_MSGSEND = YES;
				ENABLE_TESTABILITY = YES;
				GCC_C_LANGUAGE_STANDARD = gnu99;
				GCC_DYNAMIC_NO_PIC = NO;
				GCC_NO_COMMON_BLOCKS = YES;
				GCC_OPTIMIZATION_LEVEL = 0;
				GCC_PREPROCESSOR_DEFINITIONS = (
					"DEBUG=1",
					"$(inherited)",
				);
				GCC_WARN_64_TO_32_BIT_CONVERSION = YES;
				GCC_WARN_ABOUT_RETURN_TYPE = YES_ERROR;
				GCC_WARN_UNDECLARED_SELECTOR = YES;
				GCC_WARN_UNINITIALIZED_AUTOS = YES_AGGRESSIVE;
				GCC_WARN_UNUSED_FUNCTION = YES;
				GCC_WARN_UNUSED_VARIABLE = YES;
				MACOSX_DEPLOYMENT_TARGET = 10.11;
				MTL_ENABLE_DEBUG_INFO = YES;
				ONLY_ACTIVE_ARCH = YES;
				SDKROOT = macosx;
				SWIFT_OPTIMIZATION_LEVEL = "-Onone";
			};
			name = Debug;
		};
		FA1911F61C3E979700E511D4 /* Release */ = {
			isa = XCBuildConfiguration;
			buildSettings = {
				ALWAYS_SEARCH_USER_PATHS = NO;
				CLANG_CXX_LANGUAGE_STANDARD = "gnu++0x";
				CLANG_CXX_LIBRARY = "libc++";
				CLANG_ENABLE_MODULES = YES;
				CLANG_ENABLE_OBJC_ARC = YES;
				CLANG_WARN_BOOL_CONVERSION = YES;
				CLANG_WARN_CONSTANT_CONVERSION = YES;
				CLANG_WARN_DIRECT_OBJC_ISA_USAGE = YES_ERROR;
				CLANG_WARN_EMPTY_BODY = YES;
				CLANG_WARN_ENUM_CONVERSION = YES;
				CLANG_WARN_INT_CONVERSION = YES;
				CLANG_WARN_OBJC_ROOT_CLASS = YES_ERROR;
				CLANG_WARN_UNREACHABLE_CODE = YES;
				CLANG_WARN__DUPLICATE_METHOD_MATCH = YES;
				CODE_SIGN_IDENTITY = "-";
				COPY_PHASE_STRIP = NO;
				DEBUG_INFORMATION_FORMAT = "dwarf-with-dsym";
				ENABLE_NS_ASSERTIONS = NO;
				ENABLE_STRICT_OBJC_MSGSEND = YES;
				GCC_C_LANGUAGE_STANDARD = gnu99;
				GCC_NO_COMMON_BLOCKS = YES;
				GCC_WARN_64_TO_32_BIT_CONVERSION = YES;
				GCC_WARN_ABOUT_RETURN_TYPE = YES_ERROR;
				GCC_WARN_UNDECLARED_SELECTOR = YES;
				GCC_WARN_UNINITIALIZED_AUTOS = YES_AGGRESSIVE;
				GCC_WARN_UNUSED_FUNCTION = YES;
				GCC_WARN_UNUSED_VARIABLE = YES;
				MACOSX_DEPLOYMENT_TARGET = 10.11;
				MTL_ENABLE_DEBUG_INFO = NO;
				SDKROOT = macosx;
			};
			name = Release;
		};
		FA1911F81C3E979700E511D4 /* Debug */ = {
			isa = XCBuildConfiguration;
			buildSettings = {
				CLANG_USE_OPTIMIZATION_PROFILE = YES;
				GCC_FAST_MATH = YES;
				LLVM_LTO = YES;
				PRODUCT_NAME = "$(TARGET_NAME)";
				SWIFT_DISABLE_SAFETY_CHECKS = YES;
			};
			name = Debug;
		};
		FA1911F91C3E979700E511D4 /* Release */ = {
			isa = XCBuildConfiguration;
			buildSettings = {
				CLANG_USE_OPTIMIZATION_PROFILE = YES;
				GCC_FAST_MATH = YES;
				GCC_OPTIMIZATION_LEVEL = fast;
				LLVM_LTO = YES;
				PRODUCT_NAME = "$(TARGET_NAME)";
				SWIFT_DISABLE_SAFETY_CHECKS = YES;
				SWIFT_OPTIMIZATION_LEVEL = "-Owholemodule";
			};
			name = Release;
		};
/* End XCBuildConfiguration section */

/* Begin XCConfigurationList section */
		FA1911EB1C3E979700E511D4 /* Build configuration list for PBXProject "SwiftAudio" */ = {
			isa = XCConfigurationList;
			buildConfigurations = (
				FA1911F51C3E979700E511D4 /* Debug */,
				FA1911F61C3E979700E511D4 /* Release */,
			);
			defaultConfigurationIsVisible = 0;
			defaultConfigurationName = Release;
		};
		FA1911F71C3E979700E511D4 /* Build configuration list for PBXNativeTarget "SwiftAudio" */ = {
			isa = XCConfigurationList;
			buildConfigurations = (
				FA1911F81C3E979700E511D4 /* Debug */,
				FA1911F91C3E979700E511D4 /* Release */,
			);
			defaultConfigurationIsVisible = 0;
			defaultConfigurationName = Release;
		};
/* End XCConfigurationList section */
	};
	rootObject = FA1911E81C3E979700E511D4 /* Project object */;
}
